
Microsoft Visual Studio Solution File, Format Version 12.00
# Visual Studio 15
VisualStudioVersion = 15.0.27130.2024
MinimumVisualStudioVersion = 10.0.40219.1
Project("{FAE04EC0-301F-11D3-BF4B-00C04F79EFBC}") = "DeGokkers", "DeGokkers\DeGokkers.csproj", "{1A89115A-F31C-48DD-84B8-FAD5F62671C1}"
EndProject
Global
	GlobalSection(SolutionConfigurationPlatforms) = preSolution
		Debug|Any CPU = Debug|Any CPU
		Release|Any CPU = Release|Any CPU
	EndGlobalSection
	GlobalSection(ProjectConfigurationPlatforms) = postSolution
		{1A89115A-F31C-48DD-84B8-FAD5F62671C1}.Debug|Any CPU.ActiveCfg = Debug|Any CPU
		{1A89115A-F31C-48DD-84B8-FAD5F62671C1}.Debug|Any CPU.Build.0 = Debug|Any CPU
		{1A89115A-F31C-48DD-84B8-FAD5F62671C1}.Release|Any CPU.ActiveCfg = Release|Any CPU
		{1A89115A-F31C-48DD-84B8-FAD5F62671C1}.Release|Any CPU.Build.0 = Release|Any CPU
	EndGlobalSection
	GlobalSection(SolutionProperties) = preSolution
		HideSolutionNode = FALSE
	EndGlobalSection
	GlobalSection(ExtensibilityGlobals) = postSolution
		SolutionGuid = {AB4C85B7-07D4-4AAA-92DF-23D6BFFEAFF7}
	EndGlobalSection
EndGlobal
